{
  "name": "@turnoutt/capacitor-firebase-dynamic-links",
  "version": "0.2.3",
  "lockfileVersion": 1,
  "requires": true,
  "dependencies": {
    "@capacitor/android": {
      "version": "3.2.3",
      "resolved": "https://registry.npmjs.org/@capacitor/android/-/android-3.2.3.tgz",
      "integrity": "sha512-sltt9/ENb8cgnz29MnQWDFg6mV+EdKK4LCvhjr4v6rDXsFI+tcMrJtLc2px3y7ewKW8lR+w4pRSQIlhpaTrHiA==",
      "dev": true
    },
    "@capacitor/core": {
      "version": "3.2.3",
      "resolved": "https://registry.npmjs.org/@capacitor/core/-/core-3.2.3.tgz",
      "integrity": "sha512-6oIi9EXgTRI8Xg3Gg8IWSQcddshb6lNtywkQA+QWoTL/6qV/l519tBcZHV9cu6BA7GT3qm2WcX9yQjwDq5iKpw==",
      "requires": {
        "tslib": "^2.1.0"
      }
    },
    "@capacitor/ios": {
      "version": "3.2.3",
      "resolved": "https://registry.npmjs.org/@capacitor/ios/-/ios-3.2.3.tgz",
      "integrity": "sha512-HGuCf9CnHdpeCBU8grgaPxlF20gIs6R5UhngdLbUKc1ULj6EtfOFxfH6ptbdJ/rIuZ9a8ADlszFaN4CGl5P8Mg==",
      "dev": true
    },
    "tslib": {
      "version": "2.3.1",
      "resolved": "https://registry.npmjs.org/tslib/-/tslib-2.3.1.tgz",
      "integrity": "sha512-77EbyPPpMz+FRFRuAFlWMtmgUWGe9UOG2Z25NqCwiIjRhOf5iKGuzSe5P2w1laq+FkRy4p+PCuVkJSGkzTEKVw=="
    },
    "typescript": {
      "version": "3.9.10",
      "resolved": "https://registry.npmjs.org/typescript/-/typescript-3.9.10.tgz",
      "integrity": "sha512-w6fIxVE/H1PkLKcCPsFqKE7Kv7QUwhU8qQY2MueZXWx5cPZdwFupLgKK3vntcK98BtNHZtAF4LA/yl2a7k8R6Q==",
      "dev": true
    }
  }
}
